
Microsoft Visual Studio Solution File, Format Version 12.00
# Visual Studio Version 17
VisualStudioVersion = 17.1.32319.34
MinimumVisualStudioVersion = 10.0.40219.1
Project("{9A19103F-16F7-4668-BE54-9A1E7A4F7556}") = "StocksApi.Web", "StocksApi.Web\StocksApi.Web.csproj", "{00822D51-61DF-4D3A-B5C5-5095C5ED36DB}"
EndProject
Project("{9A19103F-16F7-4668-BE54-9A1E7A4F7556}") = "StocksApi.Core", "StocksApi.Core\StocksApi.Core.csproj", "{FD56F06D-C35F-4D6C-B836-C1E6EEA4A43C}"
EndProject
Project("{FAE04EC0-301F-11D3-BF4B-00C04F79EFBC}") = "StocksApi.Test", "StocksApi.Test\StocksApi.Test.csproj", "{1F8DDDB5-2618-45F7-85DA-3B792E2A21C8}"
EndProject
Global
	GlobalSection(SolutionConfigurationPlatforms) = preSolution
		Debug|Any CPU = Debug|Any CPU
		Release|Any CPU = Release|Any CPU
	EndGlobalSection
	GlobalSection(ProjectConfigurationPlatforms) = postSolution
		{00822D51-61DF-4D3A-B5C5-5095C5ED36DB}.Debug|Any CPU.ActiveCfg = Debug|Any CPU
		{00822D51-61DF-4D3A-B5C5-5095C5ED36DB}.Debug|Any CPU.Build.0 = Debug|Any CPU
		{00822D51-61DF-4D3A-B5C5-5095C5ED36DB}.Release|Any CPU.ActiveCfg = Release|Any CPU
		{00822D51-61DF-4D3A-B5C5-5095C5ED36DB}.Release|Any CPU.Build.0 = Release|Any CPU
		{FD56F06D-C35F-4D6C-B836-C1E6EEA4A43C}.Debug|Any CPU.ActiveCfg = Debug|Any CPU
		{FD56F06D-C35F-4D6C-B836-C1E6EEA4A43C}.Debug|Any CPU.Build.0 = Debug|Any CPU
		{FD56F06D-C35F-4D6C-B836-C1E6EEA4A43C}.Release|Any CPU.ActiveCfg = Release|Any CPU
		{FD56F06D-C35F-4D6C-B836-C1E6EEA4A43C}.Release|Any CPU.Build.0 = Release|Any CPU
		{1F8DDDB5-2618-45F7-85DA-3B792E2A21C8}.Debug|Any CPU.ActiveCfg = Debug|Any CPU
		{1F8DDDB5-2618-45F7-85DA-3B792E2A21C8}.Debug|Any CPU.Build.0 = Debug|Any CPU
		{1F8DDDB5-2618-45F7-85DA-3B792E2A21C8}.Release|Any CPU.ActiveCfg = Release|Any CPU
		{1F8DDDB5-2618-45F7-85DA-3B792E2A21C8}.Release|Any CPU.Build.0 = Release|Any CPU
	EndGlobalSection
	GlobalSection(SolutionProperties) = preSolution
		HideSolutionNode = FALSE
	EndGlobalSection
	GlobalSection(ExtensibilityGlobals) = postSolution
		SolutionGuid = {B4EB1717-1ABD-4549-8A07-69E1BB555E89}
	EndGlobalSection
EndGlobal
